
Microsoft Visual Studio Solution File, Format Version 12.00
# Visual Studio Version 17
VisualStudioVersion = 17.13.35806.99 d17.13
MinimumVisualStudioVersion = 10.0.40219.1
Project("{FAE04EC0-301F-11D3-BF4B-00C04F79EFBC}") = "Trab1", "Trab1.csproj", "{18C188CA-0FA1-4A75-B9EF-FBFA521670E6}"
EndProject
Project("{2150E333-8FDC-42A3-9474-1A3956D46DE8}") = "Agregador", "Agregador", "{02EA681E-C7D8-13C7-8484-4AC65E1B71E8}"
EndProject
Project("{2150E333-8FDC-42A3-9474-1A3956D46DE8}") = "Servidor", "Servidor", "{82743E5F-D3DB-442B-B68F-CB63B9805CA5}"
EndProject
Project("{2150E333-8FDC-42A3-9474-1A3956D46DE8}") = "Wavy", "Wavy", "{22FE0B15-22E8-4C27-8F9B-D518988A188D}"
EndProject
Project("{FAE04EC0-301F-11D3-BF4B-00C04F79EFBC}") = "Agregador", "..\Agregador\Agregador.csproj", "{DF6B72DE-8674-48D6-881A-1D5A000AB638}"
EndProject
Project("{FAE04EC0-301F-11D3-BF4B-00C04F79EFBC}") = "Servidor", "..\Servidor\Servidor.csproj", "{F227E22E-07A8-4C02-A490-797189A2159F}"
EndProject
Project("{FAE04EC0-301F-11D3-BF4B-00C04F79EFBC}") = "Wavy", "..\Wavy\Wavy.csproj", "{290179F2-A36E-47A9-9D16-3103FA81B30B}"
EndProject
Global
	GlobalSection(SolutionConfigurationPlatforms) = preSolution
		Debug|Any CPU = Debug|Any CPU
		Release|Any CPU = Release|Any CPU
	EndGlobalSection
	GlobalSection(ProjectConfigurationPlatforms) = postSolution
		{18C188CA-0FA1-4A75-B9EF-FBFA521670E6}.Debug|Any CPU.ActiveCfg = Debug|Any CPU
		{18C188CA-0FA1-4A75-B9EF-FBFA521670E6}.Debug|Any CPU.Build.0 = Debug|Any CPU
		{18C188CA-0FA1-4A75-B9EF-FBFA521670E6}.Release|Any CPU.ActiveCfg = Release|Any CPU
		{18C188CA-0FA1-4A75-B9EF-FBFA521670E6}.Release|Any CPU.Build.0 = Release|Any CPU
		{DF6B72DE-8674-48D6-881A-1D5A000AB638}.Debug|Any CPU.ActiveCfg = Debug|Any CPU
		{DF6B72DE-8674-48D6-881A-1D5A000AB638}.Debug|Any CPU.Build.0 = Debug|Any CPU
		{DF6B72DE-8674-48D6-881A-1D5A000AB638}.Release|Any CPU.ActiveCfg = Release|Any CPU
		{DF6B72DE-8674-48D6-881A-1D5A000AB638}.Release|Any CPU.Build.0 = Release|Any CPU
		{F227E22E-07A8-4C02-A490-797189A2159F}.Debug|Any CPU.ActiveCfg = Debug|Any CPU
		{F227E22E-07A8-4C02-A490-797189A2159F}.Debug|Any CPU.Build.0 = Debug|Any CPU
		{F227E22E-07A8-4C02-A490-797189A2159F}.Release|Any CPU.ActiveCfg = Release|Any CPU
		{F227E22E-07A8-4C02-A490-797189A2159F}.Release|Any CPU.Build.0 = Release|Any CPU
		{290179F2-A36E-47A9-9D16-3103FA81B30B}.Debug|Any CPU.ActiveCfg = Debug|Any CPU
		{290179F2-A36E-47A9-9D16-3103FA81B30B}.Debug|Any CPU.Build.0 = Debug|Any CPU
		{290179F2-A36E-47A9-9D16-3103FA81B30B}.Release|Any CPU.ActiveCfg = Release|Any CPU
		{290179F2-A36E-47A9-9D16-3103FA81B30B}.Release|Any CPU.Build.0 = Release|Any CPU
	EndGlobalSection
	GlobalSection(SolutionProperties) = preSolution
		HideSolutionNode = FALSE
	EndGlobalSection
	GlobalSection(NestedProjects) = preSolution
		{DF6B72DE-8674-48D6-881A-1D5A000AB638} = {02EA681E-C7D8-13C7-8484-4AC65E1B71E8}
		{F227E22E-07A8-4C02-A490-797189A2159F} = {82743E5F-D3DB-442B-B68F-CB63B9805CA5}
		{290179F2-A36E-47A9-9D16-3103FA81B30B} = {22FE0B15-22E8-4C27-8F9B-D518988A188D}
	EndGlobalSection
	GlobalSection(ExtensibilityGlobals) = postSolution
		SolutionGuid = {19E256CE-85DE-4B8A-AF0C-14CEF2D77EB6}
	EndGlobalSection
EndGlobal
